{
  "name": "gamerealm-cms",
  "lockfileVersion": 3,
  "requires": true,
  "packages": {
    "": {
      "dependencies": {
        "mvp.css": "^1.17.2"
      }
    },
    "node_modules/mvp.css": {
      "version": "1.17.2",
      "resolved": "https://registry.npmjs.org/mvp.css/-/mvp.css-1.17.2.tgz",
      "integrity": "sha512-/whGGSkX/JkMzticjyGahiIJOVc5uel74/OBAh6aseeDzcKl64pIDzed6KBOTHh9hDe1jr7ORIquQrd6zIwJ1Q==",
      "license": "MIT"
    }
  }
}
